// !$*UTF8*$!
{
	archiveVersion = 1;
	classes = {
	};
	objectVersion = 48;
	objects = {

/* Begin PBXBuildFile section */
		048E24B91FA0D55A0070322E /* AppDelegate.swift in Sources */ = {isa = PBXBuildFile; fileRef = 048E24B81FA0D55A0070322E /* AppDelegate.swift */; };
		048E24BB1FA0D55A0070322E /* ViewController.swift in Sources */ = {isa = PBXBuildFile; fileRef = 048E24BA1FA0D55A0070322E /* ViewController.swift */; };
		048E24BE1FA0D55A0070322E /* Main.storyboard in Resources */ = {isa = PBXBuildFile; fileRef = 048E24BC1FA0D55A0070322E /* Main.storyboard */; };
		048E24C01FA0D55A0070322E /* Assets.xcassets in Resources */ = {isa = PBXBuildFile; fileRef = 048E24BF1FA0D55A0070322E /* Assets.xcassets */; };
		048E24C31FA0D55A0070322E /* LaunchScreen.storyboard in Resources */ = {isa = PBXBuildFile; fileRef = 048E24C11FA0D55A0070322E /* LaunchScreen.storyboard */; };
		048E24CE1FA0D55A0070322E /* HotdogOrNohotdogTests.swift in Sources */ = {isa = PBXBuildFile; fileRef = 048E24CD1FA0D55A0070322E /* HotdogOrNohotdogTests.swift */; };
		048E24D91FA0D55A0070322E /* HotdogOrNohotdogUITests.swift in Sources */ = {isa = PBXBuildFile; fileRef = 048E24D81FA0D55A0070322E /* HotdogOrNohotdogUITests.swift */; };
		048E24E81FA0D6140070322E /* GoogLeNetPlaces.mlmodel in Sources */ = {isa = PBXBuildFile; fileRef = 048E24E61FA0D5A90070322E /* GoogLeNetPlaces.mlmodel */; };
		048E24EA1FA1CC430070322E /* TinyYOLO.mlmodel in Sources */ = {isa = PBXBuildFile; fileRef = 048E24E91FA1CC170070322E /* TinyYOLO.mlmodel */; };
		048E24EC1FA1D74C0070322E /* hotdog_classifier.mlmodel in Sources */ = {isa = PBXBuildFile; fileRef = 048E24EB1FA1D72E0070322E /* hotdog_classifier.mlmodel */; };
/* End PBXBuildFile section */

/* Begin PBXContainerItemProxy section */
		048E24CA1FA0D55A0070322E /* PBXContainerItemProxy */ = {
			isa = PBXContainerItemProxy;
			containerPortal = 048E24AD1FA0D55A0070322E /* Project object */;
			proxyType = 1;
			remoteGlobalIDString = 048E24B41FA0D55A0070322E;
			remoteInfo = HotdogOrNohotdog;
		};
		048E24D51FA0D55A0070322E /* PBXContainerItemProxy */ = {
			isa = PBXContainerItemProxy;
			containerPortal = 048E24AD1FA0D55A0070322E /* Project object */;
			proxyType = 1;
			remoteGlobalIDString = 048E24B41FA0D55A0070322E;
			remoteInfo = HotdogOrNohotdog;
		};
/* End PBXContainerItemProxy section */

/* Begin PBXFileReference section */
		048E24B51FA0D55A0070322E /* HotdogOrNohotdog.app */ = {isa = PBXFileReference; explicitFileType = wrapper.application; includeInIndex = 0; path = HotdogOrNohotdog.app; sourceTree = BUILT_PRODUCTS_DIR; };
		048E24B81FA0D55A0070322E /* AppDelegate.swift */ = {isa = PBXFileReference; lastKnownFileType = sourcecode.swift; path = AppDelegate.swift; sourceTree = "<group>"; };
		048E24BA1FA0D55A0070322E /* ViewController.swift */ = {isa = PBXFileReference; lastKnownFileType = sourcecode.swift; path = ViewController.swift; sourceTree = "<group>"; };
		048E24BD1FA0D55A0070322E /* Base */ = {isa = PBXFileReference; lastKnownFileType = file.storyboard; name = Base; path = Base.lproj/Main.storyboard; sourceTree = "<group>"; };
		048E24BF1FA0D55A0070322E /* Assets.xcassets */ = {isa = PBXFileReference; lastKnownFileType = folder.assetcatalog; path = Assets.xcassets; sourceTree = "<group>"; };
		048E24C21FA0D55A0070322E /* Base */ = {isa = PBXFileReference; lastKnownFileType = file.storyboard; name = Base; path = Base.lproj/LaunchScreen.storyboard; sourceTree = "<group>"; };
		048E24C41FA0D55A0070322E /* Info.plist */ = {isa = PBXFileReference; lastKnownFileType = text.plist.xml; path = Info.plist; sourceTree = "<group>"; };
		048E24C91FA0D55A0070322E /* HotdogOrNohotdogTests.xctest */ = {isa = PBXFileReference; explicitFileType = wrapper.cfbundle; includeInIndex = 0; path = HotdogOrNohotdogTests.xctest; sourceTree = BUILT_PRODUCTS_DIR; };
		048E24CD1FA0D55A0070322E /* HotdogOrNohotdogTests.swift */ = {isa = PBXFileReference; lastKnownFileType = sourcecode.swift; path = HotdogOrNohotdogTests.swift; sourceTree = "<group>"; };
		048E24CF1FA0D55A0070322E /* Info.plist */ = {isa = PBXFileReference; lastKnownFileType = text.plist.xml; path = Info.plist; sourceTree = "<group>"; };
		048E24D41FA0D55A0070322E /* HotdogOrNohotdogUITests.xctest */ = {isa = PBXFileReference; explicitFileType = wrapper.cfbundle; includeInIndex = 0; path = HotdogOrNohotdogUITests.xctest; sourceTree = BUILT_PRODUCTS_DIR; };
		048E24D81FA0D55A0070322E /* HotdogOrNohotdogUITests.swift */ = {isa = PBXFileReference; lastKnownFileType = sourcecode.swift; path = HotdogOrNohotdogUITests.swift; sourceTree = "<group>"; };
		048E24DA1FA0D55A0070322E /* Info.plist */ = {isa = PBXFileReference; lastKnownFileType = text.plist.xml; path = Info.plist; sourceTree = "<group>"; };
		048E24E61FA0D5A90070322E /* GoogLeNetPlaces.mlmodel */ = {isa = PBXFileReference; lastKnownFileType = file.mlmodel; path = GoogLeNetPlaces.mlmodel; sourceTree = "<group>"; };
		048E24E91FA1CC170070322E /* TinyYOLO.mlmodel */ = {isa = PBXFileReference; lastKnownFileType = file.mlmodel; path = TinyYOLO.mlmodel; sourceTree = "<group>"; };
		048E24EB1FA1D72E0070322E /* hotdog_classifier.mlmodel */ = {isa = PBXFileReference; lastKnownFileType = file.mlmodel; name = hotdog_classifier.mlmodel; path = ../../../model/hotdog_classifier.mlmodel; sourceTree = "<group>"; };
/* End PBXFileReference section */

/* Begin PBXFrameworksBuildPhase section */
		048E24B21FA0D55A0070322E /* Frameworks */ = {
			isa = PBXFrameworksBuildPhase;
			buildActionMask = 2147483647;
			files = (
			);
			runOnlyForDeploymentPostprocessing = 0;
		};
		048E24C61FA0D55A0070322E /* Frameworks */ = {
			isa = PBXFrameworksBuildPhase;
			buildActionMask = 2147483647;
			files = (
			);
			runOnlyForDeploymentPostprocessing = 0;
		};
		048E24D11FA0D55A0070322E /* Frameworks */ = {
			isa = PBXFrameworksBuildPhase;
			buildActionMask = 2147483647;
			files = (
			);
			runOnlyForDeploymentPostprocessing = 0;
		};
/* End PBXFrameworksBuildPhase section */

/* Begin PBXGroup section */
		048E24AC1FA0D55A0070322E = {
			isa = PBXGroup;
			children = (
				048E24B71FA0D55A0070322E /* HotdogOrNohotdog */,
				048E24CC1FA0D55A0070322E /* HotdogOrNohotdogTests */,
				048E24D71FA0D55A0070322E /* HotdogOrNohotdogUITests */,
				048E24B61FA0D55A0070322E /* Products */,
			);
			sourceTree = "<group>";
		};
		048E24B61FA0D55A0070322E /* Products */ = {
			isa = PBXGroup;
			children = (
				048E24B51FA0D55A0070322E /* HotdogOrNohotdog.app */,
				048E24C91FA0D55A0070322E /* HotdogOrNohotdogTests.xctest */,
				048E24D41FA0D55A0070322E /* HotdogOrNohotdogUITests.xctest */,
			);
			name = Products;
			sourceTree = "<group>";
		};
		048E24B71FA0D55A0070322E /* HotdogOrNohotdog */ = {
			isa = PBXGroup;
			children = (
				048E24E71FA0D5D60070322E /* Resources */,
				048E24B81FA0D55A0070322E /* AppDelegate.swift */,
				048E24BA1FA0D55A0070322E /* ViewController.swift */,
				048E24C41FA0D55A0070322E /* Info.plist */,
			);
			path = HotdogOrNohotdog;
			sourceTree = "<group>";
		};
		048E24CC1FA0D55A0070322E /* HotdogOrNohotdogTests */ = {
			isa = PBXGroup;
			children = (
				048E24CD1FA0D55A0070322E /* HotdogOrNohotdogTests.swift */,
				048E24CF1FA0D55A0070322E /* Info.plist */,
			);
			path = HotdogOrNohotdogTests;
			sourceTree = "<group>";
		};
		048E24D71FA0D55A0070322E /* HotdogOrNohotdogUITests */ = {
			isa = PBXGroup;
			children = (
				048E24D81FA0D55A0070322E /* HotdogOrNohotdogUITests.swift */,
				048E24DA1FA0D55A0070322E /* Info.plist */,
			);
			path = HotdogOrNohotdogUITests;
			sourceTree = "<group>";
		};
		048E24E71FA0D5D60070322E /* Resources */ = {
			isa = PBXGroup;
			children = (
				048E24EB1FA1D72E0070322E /* hotdog_classifier.mlmodel */,
				048E24C11FA0D55A0070322E /* LaunchScreen.storyboard */,
				048E24BC1FA0D55A0070322E /* Main.storyboard */,
				048E24BF1FA0D55A0070322E /* Assets.xcassets */,
				048E24E91FA1CC170070322E /* TinyYOLO.mlmodel */,
				048E24E61FA0D5A90070322E /* GoogLeNetPlaces.mlmodel */,
			);
			path = Resources;
			sourceTree = "<group>";
		};
/* End PBXGroup section */

/* Begin PBXNativeTarget section */
		048E24B41FA0D55A0070322E /* HotdogOrNohotdog */ = {
			isa = PBXNativeTarget;
			buildConfigurationList = 048E24DD1FA0D55A0070322E /* Build configuration list for PBXNativeTarget "HotdogOrNohotdog" */;
			buildPhases = (
				048E24B11FA0D55A0070322E /* Sources */,
				048E24B21FA0D55A0070322E /* Frameworks */,
				048E24B31FA0D55A0070322E /* Resources */,
			);
			buildRules = (
			);
			dependencies = (
			);
			name = HotdogOrNohotdog;
			productName = HotdogOrNohotdog;
			productReference = 048E24B51FA0D55A0070322E /* HotdogOrNohotdog.app */;
			productType = "com.apple.product-type.application";
		};
		048E24C81FA0D55A0070322E /* HotdogOrNohotdogTests */ = {
			isa = PBXNativeTarget;
			buildConfigurationList = 048E24E01FA0D55A0070322E /* Build configuration list for PBXNativeTarget "HotdogOrNohotdogTests" */;
			buildPhases = (
				048E24C51FA0D55A0070322E /* Sources */,
				048E24C61FA0D55A0070322E /* Frameworks */,
				048E24C71FA0D55A0070322E /* Resources */,
			);
			buildRules = (
			);
			dependencies = (
				048E24CB1FA0D55A0070322E /* PBXTargetDependency */,
			);
			name = HotdogOrNohotdogTests;
			productName = HotdogOrNohotdogTests;
			productReference = 048E24C91FA0D55A0070322E /* HotdogOrNohotdogTests.xctest */;
			productType = "com.apple.product-type.bundle.unit-test";
		};
		048E24D31FA0D55A0070322E /* HotdogOrNohotdogUITests */ = {
			isa = PBXNativeTarget;
			buildConfigurationList = 048E24E31FA0D55A0070322E /* Build configuration list for PBXNativeTarget "HotdogOrNohotdogUITests" */;
			buildPhases = (
				048E24D01FA0D55A0070322E /* Sources */,
				048E24D11FA0D55A0070322E /* Frameworks */,
				048E24D21FA0D55A0070322E /* Resources */,
			);
			buildRules = (
			);
			dependencies = (
				048E24D61FA0D55A0070322E /* PBXTargetDependency */,
			);
			name = HotdogOrNohotdogUITests;
			productName = HotdogOrNohotdogUITests;
			productReference = 048E24D41FA0D55A0070322E /* HotdogOrNohotdogUITests.xctest */;
			productType = "com.apple.product-type.bundle.ui-testing";
		};
/* End PBXNativeTarget section */

/* Begin PBXProject section */
		048E24AD1FA0D55A0070322E /* Project object */ = {
			isa = PBXProject;
			attributes = {
				LastSwiftUpdateCheck = 0900;
				LastUpgradeCheck = 0900;
				ORGANIZATIONNAME = HiQ;
				TargetAttributes = {
					048E24B41FA0D55A0070322E = {
						CreatedOnToolsVersion = 9.0;
						ProvisioningStyle = Automatic;
					};
					048E24C81FA0D55A0070322E = {
						CreatedOnToolsVersion = 9.0;
						ProvisioningStyle = Automatic;
						TestTargetID = 048E24B41FA0D55A0070322E;
					};
					048E24D31FA0D55A0070322E = {
						CreatedOnToolsVersion = 9.0;
						ProvisioningStyle = Automatic;
						TestTargetID = 048E24B41FA0D55A0070322E;
					};
				};
			};
			buildConfigurationList = 048E24B01FA0D55A0070322E /* Build configuration list for PBXProject "HotdogOrNohotdog" */;
			compatibilityVersion = "Xcode 8.0";
			developmentRegion = en;
			hasScannedForEncodings = 0;
			knownRegions = (
				en,
				Base,
			);
			mainGroup = 048E24AC1FA0D55A0070322E;
			productRefGroup = 048E24B61FA0D55A0070322E /* Products */;
			projectDirPath = "";
			projectRoot = "";
			targets = (
				048E24B41FA0D55A0070322E /* HotdogOrNohotdog */,
				048E24C81FA0D55A0070322E /* HotdogOrNohotdogTests */,
				048E24D31FA0D55A0070322E /* HotdogOrNohotdogUITests */,
			);
		};
/* End PBXProject section */

/* Begin PBXResourcesBuildPhase section */
		048E24B31FA0D55A0070322E /* Resources */ = {
			isa = PBXResourcesBuildPhase;
			buildActionMask = 2147483647;
			files = (
				048E24C31FA0D55A0070322E /* LaunchScreen.storyboard in Resources */,
				048E24C01FA0D55A0070322E /* Assets.xcassets in Resources */,
				048E24BE1FA0D55A0070322E /* Main.storyboard in Resources */,
			);
			runOnlyForDeploymentPostprocessing = 0;
		};
		048E24C71FA0D55A0070322E /* Resources */ = {
			isa = PBXResourcesBuildPhase;
			buildActionMask = 2147483647;
			files = (
			);
			runOnlyForDeploymentPostprocessing = 0;
		};
		048E24D21FA0D55A0070322E /* Resources */ = {
			isa = PBXResourcesBuildPhase;
			buildActionMask = 2147483647;
			files = (
			);
			runOnlyForDeploymentPostprocessing = 0;
		};
/* End PBXResourcesBuildPhase section */

/* Begin PBXSourcesBuildPhase section */
		048E24B11FA0D55A0070322E /* Sources */ = {
			isa = PBXSourcesBuildPhase;
			buildActionMask = 2147483647;
			files = (
				048E24EC1FA1D74C0070322E /* hotdog_classifier.mlmodel in Sources */,
				048E24EA1FA1CC430070322E /* TinyYOLO.mlmodel in Sources */,
				048E24E81FA0D6140070322E /* GoogLeNetPlaces.mlmodel in Sources */,
				048E24BB1FA0D55A0070322E /* ViewController.swift in Sources */,
				048E24B91FA0D55A0070322E /* AppDelegate.swift in Sources */,
			);
			runOnlyForDeploymentPostprocessing = 0;
		};
		048E24C51FA0D55A0070322E /* Sources */ = {
			isa = PBXSourcesBuildPhase;
			buildActionMask = 2147483647;
			files = (
				048E24CE1FA0D55A0070322E /* HotdogOrNohotdogTests.swift in Sources */,
			);
			runOnlyForDeploymentPostprocessing = 0;
		};
		048E24D01FA0D55A0070322E /* Sources */ = {
			isa = PBXSourcesBuildPhase;
			buildActionMask = 2147483647;
			files = (
				048E24D91FA0D55A0070322E /* HotdogOrNohotdogUITests.swift in Sources */,
			);
			runOnlyForDeploymentPostprocessing = 0;
		};
/* End PBXSourcesBuildPhase section */

/* Begin PBXTargetDependency section */
		048E24CB1FA0D55A0070322E /* PBXTargetDependency */ = {
			isa = PBXTargetDependency;
			target = 048E24B41FA0D55A0070322E /* HotdogOrNohotdog */;
			targetProxy = 048E24CA1FA0D55A0070322E /* PBXContainerItemProxy */;
		};
		048E24D61FA0D55A0070322E /* PBXTargetDependency */ = {
			isa = PBXTargetDependency;
			target = 048E24B41FA0D55A0070322E /* HotdogOrNohotdog */;
			targetProxy = 048E24D51FA0D55A0070322E /* PBXContainerItemProxy */;
		};
/* End PBXTargetDependency section */

/* Begin PBXVariantGroup section */
		048E24BC1FA0D55A0070322E /* Main.storyboard */ = {
			isa = PBXVariantGroup;
			children = (
				048E24BD1FA0D55A0070322E /* Base */,
			);
			name = Main.storyboard;
			sourceTree = "<group>";
		};
		048E24C11FA0D55A0070322E /* LaunchScreen.storyboard */ = {
			isa = PBXVariantGroup;
			children = (
				048E24C21FA0D55A0070322E /* Base */,
			);
			name = LaunchScreen.storyboard;
			sourceTree = "<group>";
		};
/* End PBXVariantGroup section */

/* Begin XCBuildConfiguration section */
		048E24DB1FA0D55A0070322E /* Debug */ = {
			isa = XCBuildConfiguration;
			buildSettings = {
				ALWAYS_SEARCH_USER_PATHS = NO;
				CLANG_ANALYZER_NONNULL = YES;
				CLANG_ANALYZER_NUMBER_OBJECT_CONVERSION = YES_AGGRESSIVE;
				CLANG_CXX_LANGUAGE_STANDARD = "gnu++14";
				CLANG_CXX_LIBRARY = "libc++";
				CLANG_ENABLE_MODULES = YES;
				CLANG_ENABLE_OBJC_ARC = YES;
				CLANG_WARN_BLOCK_CAPTURE_AUTORELEASING = YES;
				CLANG_WARN_BOOL_CONVERSION = YES;
				CLANG_WARN_COMMA = YES;
				CLANG_WARN_CONSTANT_CONVERSION = YES;
				CLANG_WARN_DIRECT_OBJC_ISA_USAGE = YES_ERROR;
				CLANG_WARN_DOCUMENTATION_COMMENTS = YES;
				CLANG_WARN_EMPTY_BODY = YES;
				CLANG_WARN_ENUM_CONVERSION = YES;
				CLANG_WARN_INFINITE_RECURSION = YES;
				CLANG_WARN_INT_CONVERSION = YES;
				CLANG_WARN_NON_LITERAL_NULL_CONVERSION = YES;
				CLANG_WARN_OBJC_LITERAL_CONVERSION = YES;
				CLANG_WARN_OBJC_ROOT_CLASS = YES_ERROR;
				CLANG_WARN_RANGE_LOOP_ANALYSIS = YES;
				CLANG_WARN_STRICT_PROTOTYPES = YES;
				CLANG_WARN_SUSPICIOUS_MOVE = YES;
				CLANG_WARN_UNGUARDED_AVAILABILITY = YES_AGGRESSIVE;
				CLANG_WARN_UNREACHABLE_CODE = YES;
				CLANG_WARN__DUPLICATE_METHOD_MATCH = YES;
				CODE_SIGN_IDENTITY = "iPhone Developer";
				COPY_PHASE_STRIP = NO;
				DEBUG_INFORMATION_FORMAT = dwarf;
				ENABLE_STRICT_OBJC_MSGSEND = YES;
				ENABLE_TESTABILITY = YES;
				GCC_C_LANGUAGE_STANDARD = gnu11;
				GCC_DYNAMIC_NO_PIC = NO;
				GCC_NO_COMMON_BLOCKS = YES;
				GCC_OPTIMIZATION_LEVEL = 0;
				GCC_PREPROCESSOR_DEFINITIONS = (
					"DEBUG=1",
					"$(inherited)",
				);
				GCC_WARN_64_TO_32_BIT_CONVERSION = YES;
				GCC_WARN_ABOUT_RETURN_TYPE = YES_ERROR;
				GCC_WARN_UNDECLARED_SELECTOR = YES;
				GCC_WARN_UNINITIALIZED_AUTOS = YES_AGGRESSIVE;
				GCC_WARN_UNUSED_FUNCTION = YES;
				GCC_WARN_UNUSED_VARIABLE = YES;
				IPHONEOS_DEPLOYMENT_TARGET = 11.0;
				MTL_ENABLE_DEBUG_INFO = YES;
				ONLY_ACTIVE_ARCH = YES;
				SDKROOT = iphoneos;
				SWIFT_ACTIVE_COMPILATION_CONDITIONS = DEBUG;
				SWIFT_OPTIMIZATION_LEVEL = "-Onone";
			};
			name = Debug;
		};
		048E24DC1FA0D55A0070322E /* Release */ = {
			isa = XCBuildConfiguration;
			buildSettings = {
				ALWAYS_SEARCH_USER_PATHS = NO;
				CLANG_ANALYZER_NONNULL = YES;
				CLANG_ANALYZER_NUMBER_OBJECT_CONVERSION = YES_AGGRESSIVE;
				CLANG_CXX_LANGUAGE_STANDARD = "gnu++14";
				CLANG_CXX_LIBRARY = "libc++";
				CLANG_ENABLE_MODULES = YES;
				CLANG_ENABLE_OBJC_ARC = YES;
				CLANG_WARN_BLOCK_CAPTURE_AUTORELEASING = YES;
				CLANG_WARN_BOOL_CONVERSION = YES;
				CLANG_WARN_COMMA = YES;
				CLANG_WARN_CONSTANT_CONVERSION = YES;
				CLANG_WARN_DIRECT_OBJC_ISA_USAGE = YES_ERROR;
				CLANG_WARN_DOCUMENTATION_COMMENTS = YES;
				CLANG_WARN_EMPTY_BODY = YES;
				CLANG_WARN_ENUM_CONVERSION = YES;
				CLANG_WARN_INFINITE_RECURSION = YES;
				CLANG_WARN_INT_CONVERSION = YES;
				CLANG_WARN_NON_LITERAL_NULL_CONVERSION = YES;
				CLANG_WARN_OBJC_LITERAL_CONVERSION = YES;
				CLANG_WARN_OBJC_ROOT_CLASS = YES_ERROR;
				CLANG_WARN_RANGE_LOOP_ANALYSIS = YES;
				CLANG_WARN_STRICT_PROTOTYPES = YES;
				CLANG_WARN_SUSPICIOUS_MOVE = YES;
				CLANG_WARN_UNGUARDED_AVAILABILITY = YES_AGGRESSIVE;
				CLANG_WARN_UNREACHABLE_CODE = YES;
				CLANG_WARN__DUPLICATE_METHOD_MATCH = YES;
				CODE_SIGN_IDENTITY = "iPhone Developer";
				COPY_PHASE_STRIP = NO;
				DEBUG_INFORMATION_FORMAT = "dwarf-with-dsym";
				ENABLE_NS_ASSERTIONS = NO;
				ENABLE_STRICT_OBJC_MSGSEND = YES;
				GCC_C_LANGUAGE_STANDARD = gnu11;
				GCC_NO_COMMON_BLOCKS = YES;
				GCC_WARN_64_TO_32_BIT_CONVERSION = YES;
				GCC_WARN_ABOUT_RETURN_TYPE = YES_ERROR;
				GCC_WARN_UNDECLARED_SELECTOR = YES;
				GCC_WARN_UNINITIALIZED_AUTOS = YES_AGGRESSIVE;
				GCC_WARN_UNUSED_FUNCTION = YES;
				GCC_WARN_UNUSED_VARIABLE = YES;
				IPHONEOS_DEPLOYMENT_TARGET = 11.0;
				MTL_ENABLE_DEBUG_INFO = NO;
				SDKROOT = iphoneos;
				SWIFT_OPTIMIZATION_LEVEL = "-Owholemodule";
				VALIDATE_PRODUCT = YES;
			};
			name = Release;
		};
		048E24DE1FA0D55A0070322E /* Debug */ = {
			isa = XCBuildConfiguration;
			buildSettings = {
				ASSETCATALOG_COMPILER_APPICON_NAME = AppIcon;
				CODE_SIGN_STYLE = Automatic;
				DEVELOPMENT_TEAM = YP2L745XJ5;
				INFOPLIST_FILE = HotdogOrNohotdog/Info.plist;
				LD_RUNPATH_SEARCH_PATHS = "$(inherited) @executable_path/Frameworks";
				PRODUCT_BUNDLE_IDENTIFIER = com.hiq.HotdogOrNohotdog.HotdogOrNohotdog;
				PRODUCT_NAME = "$(TARGET_NAME)";
				SWIFT_VERSION = 4.0;
				TARGETED_DEVICE_FAMILY = "1,2";
			};
			name = Debug;
		};
		048E24DF1FA0D55A0070322E /* Release */ = {
			isa = XCBuildConfiguration;
			buildSettings = {
				ASSETCATALOG_COMPILER_APPICON_NAME = AppIcon;
				CODE_SIGN_STYLE = Automatic;
				DEVELOPMENT_TEAM = YP2L745XJ5;
				INFOPLIST_FILE = HotdogOrNohotdog/Info.plist;
				LD_RUNPATH_SEARCH_PATHS = "$(inherited) @executable_path/Frameworks";
				PRODUCT_BUNDLE_IDENTIFIER = com.hiq.HotdogOrNohotdog.HotdogOrNohotdog;
				PRODUCT_NAME = "$(TARGET_NAME)";
				SWIFT_VERSION = 4.0;
				TARGETED_DEVICE_FAMILY = "1,2";
			};
			name = Release;
		};
		048E24E11FA0D55A0070322E /* Debug */ = {
			isa = XCBuildConfiguration;
			buildSettings = {
				ALWAYS_EMBED_SWIFT_STANDARD_LIBRARIES = YES;
				BUNDLE_LOADER = "$(TEST_HOST)";
				CODE_SIGN_STYLE = Automatic;
				DEVELOPMENT_TEAM = 6U9S9TP9EK;
				INFOPLIST_FILE = HotdogOrNohotdogTests/Info.plist;
				LD_RUNPATH_SEARCH_PATHS = "$(inherited) @executable_path/Frameworks @loader_path/Frameworks";
				PRODUCT_BUNDLE_IDENTIFIER = com.hiq.HotdogOrNohotdog.HotdogOrNohotdogTests;
				PRODUCT_NAME = "$(TARGET_NAME)";
				SWIFT_VERSION = 4.0;
				TARGETED_DEVICE_FAMILY = "1,2";
				TEST_HOST = "$(BUILT_PRODUCTS_DIR)/HotdogOrNohotdog.app/HotdogOrNohotdog";
			};
			name = Debug;
		};
		048E24E21FA0D55A0070322E /* Release */ = {
			isa = XCBuildConfiguration;
			buildSettings = {
				ALWAYS_EMBED_SWIFT_STANDARD_LIBRARIES = YES;
				BUNDLE_LOADER = "$(TEST_HOST)";
				CODE_SIGN_STYLE = Automatic;
				DEVELOPMENT_TEAM = 6U9S9TP9EK;
				INFOPLIST_FILE = HotdogOrNohotdogTests/Info.plist;
				LD_RUNPATH_SEARCH_PATHS = "$(inherited) @executable_path/Frameworks @loader_path/Frameworks";
				PRODUCT_BUNDLE_IDENTIFIER = com.hiq.HotdogOrNohotdog.HotdogOrNohotdogTests;
				PRODUCT_NAME = "$(TARGET_NAME)";
				SWIFT_VERSION = 4.0;
				TARGETED_DEVICE_FAMILY = "1,2";
				TEST_HOST = "$(BUILT_PRODUCTS_DIR)/HotdogOrNohotdog.app/HotdogOrNohotdog";
			};
			name = Release;
		};
		048E24E41FA0D55A0070322E /* Debug */ = {
			isa = XCBuildConfiguration;
			buildSettings = {
				ALWAYS_EMBED_SWIFT_STANDARD_LIBRARIES = YES;
				CODE_SIGN_STYLE = Automatic;
				DEVELOPMENT_TEAM = 6U9S9TP9EK;
				INFOPLIST_FILE = HotdogOrNohotdogUITests/Info.plist;
				LD_RUNPATH_SEARCH_PATHS = "$(inherited) @executable_path/Frameworks @loader_path/Frameworks";
				PRODUCT_BUNDLE_IDENTIFIER = com.hiq.HotdogOrNohotdog.HotdogOrNohotdogUITests;
				PRODUCT_NAME = "$(TARGET_NAME)";
				SWIFT_VERSION = 4.0;
				TARGETED_DEVICE_FAMILY = "1,2";
				TEST_TARGET_NAME = HotdogOrNohotdog;
			};
			name = Debug;
		};
		048E24E51FA0D55A0070322E /* Release */ = {
			isa = XCBuildConfiguration;
			buildSettings = {
				ALWAYS_EMBED_SWIFT_STANDARD_LIBRARIES = YES;
				CODE_SIGN_STYLE = Automatic;
				DEVELOPMENT_TEAM = 6U9S9TP9EK;
				INFOPLIST_FILE = HotdogOrNohotdogUITests/Info.plist;
				LD_RUNPATH_SEARCH_PATHS = "$(inherited) @executable_path/Frameworks @loader_path/Frameworks";
				PRODUCT_BUNDLE_IDENTIFIER = com.hiq.HotdogOrNohotdog.HotdogOrNohotdogUITests;
				PRODUCT_NAME = "$(TARGET_NAME)";
				SWIFT_VERSION = 4.0;
				TARGETED_DEVICE_FAMILY = "1,2";
				TEST_TARGET_NAME = HotdogOrNohotdog;
			};
			name = Release;
		};
/* End XCBuildConfiguration section */

/* Begin XCConfigurationList section */
		048E24B01FA0D55A0070322E /* Build configuration list for PBXProject "HotdogOrNohotdog" */ = {
			isa = XCConfigurationList;
			buildConfigurations = (
				048E24DB1FA0D55A0070322E /* Debug */,
				048E24DC1FA0D55A0070322E /* Release */,
			);
			defaultConfigurationIsVisible = 0;
			defaultConfigurationName = Release;
		};
		048E24DD1FA0D55A0070322E /* Build configuration list for PBXNativeTarget "HotdogOrNohotdog" */ = {
			isa = XCConfigurationList;
			buildConfigurations = (
				048E24DE1FA0D55A0070322E /* Debug */,
				048E24DF1FA0D55A0070322E /* Release */,
			);
			defaultConfigurationIsVisible = 0;
			defaultConfigurationName = Release;
		};
		048E24E01FA0D55A0070322E /* Build configuration list for PBXNativeTarget "HotdogOrNohotdogTests" */ = {
			isa = XCConfigurationList;
			buildConfigurations = (
				048E24E11FA0D55A0070322E /* Debug */,
				048E24E21FA0D55A0070322E /* Release */,
			);
			defaultConfigurationIsVisible = 0;
			defaultConfigurationName = Release;
		};
		048E24E31FA0D55A0070322E /* Build configuration list for PBXNativeTarget "HotdogOrNohotdogUITests" */ = {
			isa = XCConfigurationList;
			buildConfigurations = (
				048E24E41FA0D55A0070322E /* Debug */,
				048E24E51FA0D55A0070322E /* Release */,
			);
			defaultConfigurationIsVisible = 0;
			defaultConfigurationName = Release;
		};
/* End XCConfigurationList section */
	};
	rootObject = 048E24AD1FA0D55A0070322E /* Project object */;
}
